
Microsoft Visual Studio Solution File, Format Version 12.00
# Visual Studio Version 16
VisualStudioVersion = 16.0.31112.23
MinimumVisualStudioVersion = 10.0.40219.1
Project("{9A19103F-16F7-4668-BE54-9A1E7A4F7556}") = "ResultManagementSystem", "ResultManagementSystem\ResultManagementSystem.csproj", "{EFFBDF47-70EC-4F7D-A1B3-FFFE6830A8C7}"
EndProject
Project("{FAE04EC0-301F-11D3-BF4B-00C04F79EFBC}") = "Demo.WEB", "Demo.WEB\Demo.WEB.csproj", "{49D45719-A974-4024-A21C-6DF3F44578A9}"
EndProject
Global
	GlobalSection(SolutionConfigurationPlatforms) = preSolution
		Debug|Any CPU = Debug|Any CPU
		Release|Any CPU = Release|Any CPU
	EndGlobalSection
	GlobalSection(ProjectConfigurationPlatforms) = postSolution
		{EFFBDF47-70EC-4F7D-A1B3-FFFE6830A8C7}.Debug|Any CPU.ActiveCfg = Debug|Any CPU
		{EFFBDF47-70EC-4F7D-A1B3-FFFE6830A8C7}.Debug|Any CPU.Build.0 = Debug|Any CPU
		{EFFBDF47-70EC-4F7D-A1B3-FFFE6830A8C7}.Release|Any CPU.ActiveCfg = Release|Any CPU
		{EFFBDF47-70EC-4F7D-A1B3-FFFE6830A8C7}.Release|Any CPU.Build.0 = Release|Any CPU
		{49D45719-A974-4024-A21C-6DF3F44578A9}.Debug|Any CPU.ActiveCfg = Debug|Any CPU
		{49D45719-A974-4024-A21C-6DF3F44578A9}.Debug|Any CPU.Build.0 = Debug|Any CPU
		{49D45719-A974-4024-A21C-6DF3F44578A9}.Release|Any CPU.ActiveCfg = Release|Any CPU
		{49D45719-A974-4024-A21C-6DF3F44578A9}.Release|Any CPU.Build.0 = Release|Any CPU
	EndGlobalSection
	GlobalSection(SolutionProperties) = preSolution
		HideSolutionNode = FALSE
	EndGlobalSection
	GlobalSection(ExtensibilityGlobals) = postSolution
		SolutionGuid = {7A3A3C5F-A9BA-43F8-B0B4-6F75F226B7A5}
	EndGlobalSection
EndGlobal
